version = 1
revision = 3
requires-python = ">=3.14"

[[package]]
name = "db-cli"
version = "0.1.0"
source = { editable = "." }
dependencies = [
    { name = "mysql-connector-python" },
]

[package.metadata]
requires-dist = [{ name = "mysql-connector-python", specifier = ">=26.7.0" }]

[[package]]
name = "mysql-connector-python"
version = "26.7.0"
source = { registry = "https://pypi.org/simple" }
sdist = { url = "https://files.pythonhosted.org/packages/f2/ce/a53b169388f8c6a595cfa9a653138381f3afef1d2af60f5c1972d015f52f/mysql_connector_python-26.7.0.tar.gz", hash = "sha256:d8ff5ee236ea46661ee639336323e124ed868e37f3ea991bdc5de5a146f39fd5", size = 12256009, upload-time = "2026-07-29T10:24:13.314Z" }
wheels = [
    { url = "https://files.pythonhosted.org/packages/eb/46/a2383cebea1cf22e07a0bc7b6e5035baac04de18415df188d257b68abab2/mysql_connector_python-26.7.0-cp314-cp314-macosx_14_0_arm64.whl", hash = "sha256:c02cc3d5e4763ddc960fce521bd353b242cfec4c6a936234916f2597bfd656cd", size = 20280169, upload-time = "2026-07-29T10:18:38.298Z" },
    { url = "https://files.pythonhosted.org/packages/62/4b/200023b5628ac075c1182c62999195dc096aeaf24787f0697f0830a886c4/mysql_connector_python-26.7.0-cp314-cp314-macosx_14_0_x86_64.whl", hash = "sha256:32f63bbf069b242921c13de05e56857625e167d64fc7fa4f15e05478d78c56fe", size = 19840283, upload-time = "2026-07-29T10:18:40.451Z" },
    { url = "https://files.pythonhosted.org/packages/74/7c/e57f2dada0a371c37715b2e402bf7b403718a265aa8afd341c91a7674d97/mysql_connector_python-26.7.0-cp314-cp314-manylinux_2_28_aarch64.whl", hash = "sha256:a86c988f033d3e116c5d326931aabae340ebef0425399bcd5f076af877ae0fbc", size = 21956488, upload-time = "2026-07-29T10:18:42.91Z" },
    { url = "https://files.pythonhosted.org/packages/02/be/c57e60d49e481cd8a7e5ab0ed874bf18dc90f32aed6d3953213ddbb7d86a/mysql_connector_python-26.7.0-cp314-cp314-manylinux_2_28_x86_64.whl", hash = "sha256:76cffea9fc0cd9d4d5c79935a18342d9680f2c0dc0d5675b966b3df06229f238", size = 21747047, upload-time = "2026-07-29T10:18:45.719Z" },
    { url = "https://files.pythonhosted.org/packages/34/a6/946645e3c7e8feb159c97b2e8f612075e4ec08c0fb7d26d310d7e1b0e22c/mysql_connector_python-26.7.0-cp314-cp314-win_amd64.whl", hash = "sha256:a4eac2b4bcbf18fbaab736b5c3996425728472fea7b3d71a8c7056aa6349471f", size = 18207344, upload-time = "2026-07-29T10:18:47.926Z" },
    { url = "https://files.pythonhosted.org/packages/ff/01/07efeb3e3fc730f945af40ddf1f4c879c13945b193a94eba8e642c0d4176/mysql_connector_python-26.7.0-py2.py3-none-any.whl", hash = "sha256:43ee453b53556f690e4f4b795d3f17a1c6d4b45f729657bb0d999c8dfc9261d5", size = 480733, upload-time = "2026-07-29T10:18:49.777Z" },
]
